
Microsoft Visual Studio Solution File, Format Version 12.00
# Visual Studio 15
VisualStudioVersion = 15.0.26730.16
MinimumVisualStudioVersion = 10.0.40219.1
Project("{FAE04EC0-301F-11D3-BF4B-00C04F79EFBC}") = "CPracticeApp", "CPracticeApp\CPracticeApp.csproj", "{BA95E8A6-9B52-49B9-954D-7D0038413584}"
EndProject
Global
	GlobalSection(SolutionConfigurationPlatforms) = preSolution
		Debug|Any CPU = Debug|Any CPU
		Release|Any CPU = Release|Any CPU
	EndGlobalSection
	GlobalSection(ProjectConfigurationPlatforms) = postSolution
		{BA95E8A6-9B52-49B9-954D-7D0038413584}.Debug|Any CPU.ActiveCfg = Debug|Any CPU
		{BA95E8A6-9B52-49B9-954D-7D0038413584}.Debug|Any CPU.Build.0 = Debug|Any CPU
		{BA95E8A6-9B52-49B9-954D-7D0038413584}.Release|Any CPU.ActiveCfg = Release|Any CPU
		{BA95E8A6-9B52-49B9-954D-7D0038413584}.Release|Any CPU.Build.0 = Release|Any CPU
	EndGlobalSection
	GlobalSection(SolutionProperties) = preSolution
		HideSolutionNode = FALSE
	EndGlobalSection
	GlobalSection(ExtensibilityGlobals) = postSolution
		SolutionGuid = {E8C4ADA1-7128-43E8-811A-B6EFC3977200}
	EndGlobalSection
EndGlobal
